# THIS IS AN AUTOGENERATED FILE. DO NOT EDIT THIS FILE DIRECTLY.
# yarn lockfile v1


"dotenv@^8.2.0":
  "integrity" "sha512-8sJ78ElpbDJBHNeBzUbUVLsqKdccaa/BXF1uPTw3GrvQTBgrQrtObr2mUrE38vzYd8cEv+m/JBfDLioYcfXoaw=="
  "resolved" "https://registry.npmjs.org/dotenv/-/dotenv-8.2.0.tgz"
  "version" "8.2.0"

"sweetalert2@^10.15.2":
  "integrity" "sha512-PQyFnkfURWyDRXeSmk0bojvdxnhqGj0xbjtecAPtzDMAHSuJeVd8jr0/AdR/nkyzGV9HNEjRXk8b5hyWinhf9w=="
  "resolved" "https://registry.yarnpkg.com/sweetalert2/-/sweetalert2-10.15.2.tgz"
  "version" "10.15.2"
