# THIS IS AN AUTOGENERATED FILE. DO NOT EDIT THIS FILE DIRECTLY.
# yarn lockfile v1


sweetalert2@^10.15.2:
  version "10.15.2"
  resolved "https://registry.yarnpkg.com/sweetalert2/-/sweetalert2-10.15.2.tgz#7d99a168c2a84460a4f457f5817ab02192a1d259"
  integrity sha512-PQyFnkfURWyDRXeSmk0bojvdxnhqGj0xbjtecAPtzDMAHSuJeVd8jr0/AdR/nkyzGV9HNEjRXk8b5hyWinhf9w==
